{
    "_meta": {
        "hash": {
            "sha256": "8a56781fa9e0895f7d47990d49f8e822de4f811a46a4b3fa0c787fd3fa55a640"
        },
        "pipfile-spec": 6,
        "requires": {
            "python_version": "3.7"
        },
        "sources": [
            {
                "name": "pypi",
                "url": "https://pypi.org/simple",
                "verify_ssl": true
            }
        ]
    },
    "default": {
        "cvxpy": {
            "hashes": [
                "sha256:076aa4888c64f876014bd48c099cad4105be4e010ff5bac6c4638ce06e7c3cb2",
                "sha256:30f32a9c831c2c5b6d9c05912e1824dda122f21d48d76bc2555d5526a0a9c077",
                "sha256:3eed9f35e68bb3c28edb99eb899a2da1bcd7e066cbbbeadc8586fa56beb318ea",
                "sha256:6be170db207377126c2b4f1c6ed873f85d2c990642d80d64114783341b65bdbb",
                "sha256:8631b9da85f8bf4aa98aff470c081e7c87e7c34803828262abc4e076bede472b",
                "sha256:94aa04ca903b06de85861e3eb52c0757ff87e5ef8a6029b376841800a9721c99",
                "sha256:a7794f6c432532fe586b5aaa9a2e33996085bef47f9efdb513bea4a836eba8bb",
                "sha256:ac05cd7a261db73e16b82e40e6949c8fe67902a967ca5dcb7d3fa5481608bf69",
                "sha256:b8e90af9c0046394a73144ef1b93f1f69df1ba00779bb3d607add006179ba9d9",
                "sha256:eeab58aa76f88f3b1e1ed889b97a5e8be1ffc0b40ea2476b410371cf4e79fee8"
            ],
            "index": "pypi",
            "version": "==1.1.1"
        },
        "cycler": {
            "hashes": [
                "sha256:3a27e95f763a428a739d2add979fa7494c912a32c17c4c38c4d5f082cad165a3",
                "sha256:9c87405839a19696e837b3b818fed3f5f69f16f1eec1a1ad77e043dcea9c772f"
            ],
            "markers": "python_version >= '3.6'",
            "version": "==0.11.0"
        },
        "ecos": {
            "hashes": [
                "sha256:13cfe9a4134b7a2f3a8f4b8d88ce5d5106bac3d168c356b0d77e1dd2ea9dc42d",
                "sha256:14deff01083fe8f54c52bee8f678eaebae54bc1eecce276324bf8ce30c306778",
                "sha256:48948eadd2e45dd9766f0686e3de27cc6ae8e9dc85c1a2139f712b9703b0374c",
                "sha256:533e1a0dec84e4e9a882b401a59b821da192f7fe4f32c6d65e400b6425858775",
                "sha256:6bfe0211b99094efea0c469abbd64a7f6b991dcf0a8bed7c591c6218607a9504",
                "sha256:6ed5ee0610b06911b6839e095a392cce52f8d88bedf86a381a9ed93c3af2a677",
                "sha256:8a116ebad51aeb8847ddf05bb1e432f56f6a495682406f237a7f1633374b8356",
                "sha256:8f64207b256ec8ee2ee54411927604b10e56b554bd608c7af5529c3bea93eafd",
                "sha256:9391a73fd25b2fc56b163a2a70c78973458bb194fe475b6c27672c0d980a47cf",
                "sha256:98c8e3b7247e7c63852974a9c4b1acc5804269b50a1aba3447220cad5e4c617f",
                "sha256:9b1e8134e822583f457d7759cab030e6076732bcbe977ceb1c64d8fe99c17bc3",
                "sha256:ae8bf83a9146741faaf36448eaeeef83b4dd7a9e88b80fe0e89b03d403e3096c",
                "sha256:b25f75808a2e136b8adc9c4dca0f3c56fc8d8256fb3c19cd162194125b4e52a9",
                "sha256:d1b7058c71808cb35e16217b832d2bf944f9a64ef852f6bd707ae66b474071e6",
                "sha256:d5944f9acdfd1d23fb16a22da1e78ae98981c283e16a27fbd7cf3d52e670222b",
                "sha256:d8afaeb204c6cbb706ebee218e3817a735ba9f7b33edc20844e6fda54946403c"
            ],
            "version": "==2.0.10"
        },
        "joblib": {
            "hashes": [
                "sha256:091138ed78f800342968c523bdde947e7a305b8594b910a0fea2ab83c3c6d385",
                "sha256:e1cee4a79e4af22881164f218d4311f60074197fb707e082e803b61f6d137018"
            ],
            "index": "pypi",
            "version": "==1.2.0"
        },
        "kiwisolver": {
            "hashes": [
                "sha256:02f79693ec433cb4b5f51694e8477ae83b3205768a6fb48ffba60549080e295b",
                "sha256:03baab2d6b4a54ddbb43bba1a3a2d1627e82d205c5cf8f4c924dc49284b87166",
                "sha256:1041feb4cda8708ce73bb4dcb9ce1ccf49d553bf87c3954bdfa46f0c3f77252c",
                "sha256:10ee06759482c78bdb864f4109886dff7b8a56529bc1609d4f1112b93fe6423c",
                "sha256:1d1573129aa0fd901076e2bfb4275a35f5b7aa60fbfb984499d661ec950320b0",
                "sha256:283dffbf061a4ec60391d51e6155e372a1f7a4f5b15d59c8505339454f8989e4",
                "sha256:28bc5b299f48150b5f822ce68624e445040595a4ac3d59251703779836eceff9",
                "sha256:2a66fdfb34e05b705620dd567f5a03f239a088d5a3f321e7b6ac3239d22aa286",
                "sha256:2e307eb9bd99801f82789b44bb45e9f541961831c7311521b13a6c85afc09767",
                "sha256:2e407cb4bd5a13984a6c2c0fe1845e4e41e96f183e5e5cd4d77a857d9693494c",
                "sha256:2f5e60fabb7343a836360c4f0919b8cd0d6dbf08ad2ca6b9cf90bf0c76a3c4f6",
                "sha256:36dafec3d6d6088d34e2de6b85f9d8e2324eb734162fba59d2ba9ed7a2043d5b",
                "sha256:3fe20f63c9ecee44560d0e7f116b3a747a5d7203376abeea292ab3152334d004",
                "sha256:41dae968a94b1ef1897cb322b39360a0812661dba7c682aa45098eb8e193dbdf",
                "sha256:4bd472dbe5e136f96a4b18f295d159d7f26fd399136f5b17b08c4e5f498cd494",
                "sha256:4ea39b0ccc4f5d803e3337dd46bcce60b702be4d86fd0b3d7531ef10fd99a1ac",
                "sha256:5853eb494c71e267912275e5586fe281444eb5e722de4e131cddf9d442615626",
                "sha256:5bce61af018b0cb2055e0e72e7d65290d822d3feee430b7b8203d8a855e78766",
                "sha256:6295ecd49304dcf3bfbfa45d9a081c96509e95f4b9d0eb7ee4ec0530c4a96514",
                "sha256:62ac9cc684da4cf1778d07a89bf5f81b35834cb96ca523d3a7fb32509380cbf6",
                "sha256:70e7c2e7b750585569564e2e5ca9845acfaa5da56ac46df68414f29fea97be9f",
                "sha256:7577c1987baa3adc4b3c62c33bd1118c3ef5c8ddef36f0f2c950ae0b199e100d",
                "sha256:75facbe9606748f43428fc91a43edb46c7ff68889b91fa31f53b58894503a191",
                "sha256:787518a6789009c159453da4d6b683f468ef7a65bbde796bcea803ccf191058d",
                "sha256:78d6601aed50c74e0ef02f4204da1816147a6d3fbdc8b3872d263338a9052c51",
                "sha256:7c43e1e1206cd421cd92e6b3280d4385d41d7166b3ed577ac20444b6995a445f",
                "sha256:81e38381b782cc7e1e46c4e14cd997ee6040768101aefc8fa3c24a4cc58e98f8",
                "sha256:841293b17ad704d70c578f1f0013c890e219952169ce8a24ebc063eecf775454",
                "sha256:872b8ca05c40d309ed13eb2e582cab0c5a05e81e987ab9c521bf05ad1d5cf5cb",
                "sha256:877272cf6b4b7e94c9614f9b10140e198d2186363728ed0f701c6eee1baec1da",
                "sha256:8c808594c88a025d4e322d5bb549282c93c8e1ba71b790f539567932722d7bd8",
                "sha256:8ed58b8acf29798b036d347791141767ccf65eee7f26bde03a71c944449e53de",
                "sha256:91672bacaa030f92fc2f43b620d7b337fd9a5af28b0d6ed3f77afc43c4a64b5a",
                "sha256:968f44fdbf6dd757d12920d63b566eeb4d5b395fd2d00d29d7ef00a00582aac9",
                "sha256:9f85003f5dfa867e86d53fac6f7e6f30c045673fa27b603c397753bebadc3008",
                "sha256:a553dadda40fef6bfa1456dc4be49b113aa92c2a9a9e8711e955618cd69622e3",
                "sha256:a68b62a02953b9841730db7797422f983935aeefceb1679f0fc85cbfbd311c32",
                "sha256:abbe9fa13da955feb8202e215c4018f4bb57469b1b78c7a4c5c7b93001699938",
                "sha256:ad881edc7ccb9d65b0224f4e4d05a1e85cf62d73aab798943df6d48ab0cd79a1",
                "sha256:b1792d939ec70abe76f5054d3f36ed5656021dcad1322d1cc996d4e54165cef9",
                "sha256:b428ef021242344340460fa4c9185d0b1f66fbdbfecc6c63eff4b7c29fad429d",
                "sha256:b533558eae785e33e8c148a8d9921692a9fe5aa516efbdff8606e7d87b9d5824",
                "sha256:ba59c92039ec0a66103b1d5fe588fa546373587a7d68f5c96f743c3396afc04b",
                "sha256:bc8d3bd6c72b2dd9decf16ce70e20abcb3274ba01b4e1c96031e0c4067d1e7cd",
                "sha256:bc9db8a3efb3e403e4ecc6cd9489ea2bac94244f80c78e27c31dcc00d2790ac2",
                "sha256:bf7d9fce9bcc4752ca4a1b80aabd38f6d19009ea5cbda0e0856983cf6d0023f5",
                "sha256:c2dbb44c3f7e6c4d3487b31037b1bdbf424d97687c1747ce4ff2895795c9bf69",
                "sha256:c79ebe8f3676a4c6630fd3f777f3cfecf9289666c84e775a67d1d358578dc2e3",
                "sha256:c97528e64cb9ebeff9701e7938653a9951922f2a38bd847787d4a8e498cc83ae",
                "sha256:d0611a0a2a518464c05ddd5a3a1a0e856ccc10e67079bb17f265ad19ab3c7597",
                "sha256:d06adcfa62a4431d404c31216f0f8ac97397d799cd53800e9d3efc2fbb3cf14e",
                "sha256:d41997519fcba4a1e46eb4a2fe31bc12f0ff957b2b81bac28db24744f333e955",
                "sha256:d5b61785a9ce44e5a4b880272baa7cf6c8f48a5180c3e81c59553ba0cb0821ca",
                "sha256:da152d8cdcab0e56e4f45eb08b9aea6455845ec83172092f09b0e077ece2cf7a",
                "sha256:da7e547706e69e45d95e116e6939488d62174e033b763ab1496b4c29b76fabea",
                "sha256:db5283d90da4174865d520e7366801a93777201e91e79bacbac6e6927cbceede",
                "sha256:db608a6757adabb32f1cfe6066e39b3706d8c3aa69bbc353a5b61edad36a5cb4",
                "sha256:e0ea21f66820452a3f5d1655f8704a60d66ba1191359b96541eaf457710a5fc6",
                "sha256:e7da3fec7408813a7cebc9e4ec55afed2d0fd65c4754bc376bf03498d4e92686",
                "sha256:e92a513161077b53447160b9bd8f522edfbed4bd9759e4c18ab05d7ef7e49408",
                "sha256:ecb1fa0db7bf4cff9dac752abb19505a233c7f16684c5826d1f11ebd9472b871",
                "sha256:efda5fc8cc1c61e4f639b8067d118e742b812c930f708e6667a5ce0d13499e29",
                "sha256:f0a1dbdb5ecbef0d34eb77e56fcb3e95bbd7e50835d9782a45df81cc46949750",
                "sha256:f0a71d85ecdd570ded8ac3d1c0f480842f49a40beb423bb8014539a9f32a5897",
                "sha256:f4f270de01dd3e129a72efad823da90cc4d6aafb64c410c9033aba70db9f1ff0",
                "sha256:f6cb459eea32a4e2cf18ba5fcece2dbdf496384413bc1bae15583f19e567f3b2",
                "sha256:f8ad8285b01b0d4695102546b342b493b3ccc6781fc28c8c6a1bb63e95d22f09",
                "sha256:f9f39e2f049db33a908319cf46624a569b36983c7c78318e9726a4cb8923b26c"
            ],
            "markers": "python_version >= '3.7'",
            "version": "==1.4.4"
        },
        "matplotlib": {
            "hashes": [
                "sha256:006413f08ba5db1f5b1e0d6fbdc2ac9058b062ccf552f57182563a78579c34b4",
                "sha256:1ab264770e7cf2cf4feb99f22c737066aef21ddf1ec402dc255450ac15eacb7b",
                "sha256:20bcd11efe194cd302bd0653cb025b8d16bcd80442359bfca8d49dc805f35ec8",
                "sha256:2a6d64336b547e25730b6221e7aadfb01a391a065d43b5f51f0b9d7f673d2dd2",
                "sha256:31d32c83bb2b617377c6156f75e88b9ec2ded289e47ad4ff0f263dc1019d88b1",
                "sha256:3d77a6630d093d74cbbfebaa0571d00790966be1ed204e4a8239f5cbd6835c5d",
                "sha256:4416825ebc9c1f135027a30e8d8aea0edcf45078ce767c7f7386737413cfb98f",
                "sha256:465c752278d27895e23f1379d6fcfa3a2990643b803c25e3bc16a10641d2346a",
                "sha256:647cf232ccf6265d2ba1ac4103e8c8b6ac7b03a40da3421234ffb03dda217f59",
                "sha256:67065d938df34478451af62fbd0670d2b51c4d859fb66673064eb5de8660dd7c",
                "sha256:81de040403a33bf3c68e9d4a40e26c8d24da00f7e3fadd845003b7e106785da7",
                "sha256:894dd47c0a6ce38dc19bc87d1f7e2b0608310b2a18d1572291157450b05ce874",
                "sha256:91c153f4318e3c67c035fd1185f5ea2613f15008b73b66985033033f6fe54bbd",
                "sha256:a47abc48c7b81fe6e636dde8a58e49b13d87d140e0f448213a4879f4a3f73345",
                "sha256:a68e42e22f7fd190a532e4215e142276970c2d54040a0c46842fcb3db8b6ec5b",
                "sha256:da06fa530591a141ffbe1712bbeec784734c3436b40c942d21652f305199b5d9"
            ],
            "index": "pypi",
            "version": "==3.2.2"
        },
        "numpy": {
            "hashes": [
                "sha256:0172304e7d8d40e9e49553901903dc5f5a49a703363ed756796f5808a06fc233",
                "sha256:34e96e9dae65c4839bd80012023aadd6ee2ccb73ce7fdf3074c62f301e63120b",
                "sha256:3676abe3d621fc467c4c1469ee11e395c82b2d6b5463a9454e37fe9da07cd0d7",
                "sha256:3dd6823d3e04b5f223e3e265b4a1eae15f104f4366edd409e5a5e413a98f911f",
                "sha256:4064f53d4cce69e9ac613256dc2162e56f20a4e2d2086b1956dd2fcf77b7fac5",
                "sha256:4674f7d27a6c1c52a4d1aa5f0881f1eff840d2206989bae6acb1c7668c02ebfb",
                "sha256:7d42ab8cedd175b5ebcb39b5208b25ba104842489ed59fbb29356f671ac93583",
                "sha256:965df25449305092b23d5145b9bdaeb0149b6e41a77a7d728b1644b3c99277c1",
                "sha256:9c9d6531bc1886454f44aa8f809268bc481295cf9740827254f53c30104f074a",
                "sha256:a78e438db8ec26d5d9d0e584b27ef25c7afa5a182d1bf4d05e313d2d6d515271",
                "sha256:a7acefddf994af1aeba05bbbafe4ba983a187079f125146dc5859e6d817df824",
                "sha256:a87f59508c2b7ceb8631c20630118cc546f1f815e034193dc72390db038a5cb3",
                "sha256:ac792b385d81151bae2a5a8adb2b88261ceb4976dbfaaad9ce3a200e036753dc",
                "sha256:b03b2c0badeb606d1232e5f78852c102c0a7989d3a534b3129e7856a52f3d161",
                "sha256:b39321f1a74d1f9183bf1638a745b4fd6fe80efbb1f6b32b932a588b4bc7695f",
                "sha256:cae14a01a159b1ed91a324722d746523ec757357260c6804d11d6147a9e53e3f",
                "sha256:cd49930af1d1e49a812d987c2620ee63965b619257bd76eaaa95870ca08837cf",
                "sha256:e15b382603c58f24265c9c931c9a45eebf44fe2e6b4eaedbb0d025ab3255228b",
                "sha256:e91d31b34fc7c2c8f756b4e902f901f856ae53a93399368d9a0dc7be17ed2ca0",
                "sha256:ef627986941b5edd1ed74ba89ca43196ed197f1a206a3f18cc9faf2fb84fd675",
                "sha256:f718a7949d1c4f622ff548c572e0c03440b49b9531ff00e4ed5738b459f011e8"
            ],
            "index": "pypi",
            "version": "==1.18.5"
        },
        "osqp": {
            "hashes": [
                "sha256:26664bd4238f0f92642f532b23e61efba810a6debba0b3117300749f801e9c25",
                "sha256:4ca601c5008600b3e0a408339be21f9d626c497b0b0c4dbe4ffe6d6dbbed1b9f",
                "sha256:51a315e02a4cb42e1911047ec6b2a44b67a269d4b5d37d7ee737654206915c82",
                "sha256:648cb4e34caf0ee948b34a1d0b184f5233e30009090884e0d75503f868bf7b1f",
                "sha256:73a307a93fa7ab68b610e08637c95940070a27f11fda5a2e7a7095cfaff3f0ef",
                "sha256:77408f93ed261581fe498505c69480fb8584c8c0da2a2cd0710bb4bae0c872f5",
                "sha256:8003fc363f707daa46fef3af548e6a580372154d6cd49a7bf2f569ba5f807d15",
                "sha256:8c2e40e6788b860887d584a9929ad1c0e436aab8f82bb24da7b165034cb04017",
                "sha256:908d42fb5d1d9cb36d74a8f3db69384ed1813f1a3e755367557395ce7cf05e16",
                "sha256:b1e30d6fa10ed11a95023d7308ec1588de3f5b049d09a4d0cc49e057f8e9ce47",
                "sha256:b2fa17aae42a7ed498ec261b33f262bb4b3605e7e8464062159d9fae817f0d61",
                "sha256:c07602c8747ce7a177d091bb6d47ce8f214997a86b7577ddee4adae43e9ac92f",
                "sha256:c23bb95e6f72c6b253737edb9e4ef47ceccc3d891c287041ed5fe5f173d317bb",
                "sha256:c7b3ae95221ad6f607dc4a69f36b7a0c71ca434ce85dcbf5cfa084770be5b249",
                "sha256:c9470c5d58535d31080cb693568916a3e837f09dfa94819a85284b36b3626738",
                "sha256:ff71646bc9d55c5b3a72cc9b4197e51c36d25d8b2bb81f975d3ce7772ff188ec"
            ],
            "version": "==0.6.2.post5"
        },
        "pyparsing": {
            "hashes": [
                "sha256:2b020ecf7d21b687f219b71ecad3631f644a47f01403fa1d1036b0c6416d70fb",
                "sha256:5026bae9a10eeaefb61dab2f09052b9f4307d44aee4eda64b309723d8d206bbc"
            ],
            "markers": "python_full_version >= '3.6.8'",
            "version": "==3.0.9"
        },
        "python-dateutil": {
            "hashes": [
                "sha256:0123cacc1627ae19ddf3c27a5de5bd67ee4586fbdd6440d9748f8abb483d3e86",
                "sha256:961d03dc3453ebbc59dbdea9e4e11c5651520a876d0f4db161e8674aae935da9"
            ],
            "markers": "python_version >= '2.7' and python_version not in '3.0, 3.1, 3.2, 3.3'",
            "version": "==2.8.2"
        },
        "qdldl": {
            "hashes": [
                "sha256:05b3079837c0ec86136b4a29b3842eab7bfc7a5517d751a3e5d0d5c111a2e523",
                "sha256:15d0fbff31aa19195b135ca934cf75025d46a275d915eebb7c11a7d16e148096",
                "sha256:227fe8988a86b9f9ed341ad20d11502789b4d05bceddb09a47dbb24b08d79966",
                "sha256:408a34b735be5425dc088cdebb1129f0f5d8cc9fd8c888fc9ed0bd1a02a65d6f",
                "sha256:438b303b8b7b95531d93b457657ec89e742bd90c9a72da1eebfb51095007922c",
                "sha256:5269f40521b12941f1334a162f8f06375df6a89f0f90d8a758ae3b83b8931b18",
                "sha256:53b19b8509f529fa6fdc8f869f6172d5c89587b657aa24d958d339de3bc47a73",
                "sha256:655f5e83c9e46f2d9b32508852d92b6e8fa6d166a6f48960aac54e81cd578417",
                "sha256:7daf7ad1bfff1da71da06e82d5147bdb1ac866581617d8f06cc4eeda48e2a149",
                "sha256:879cd43b41babda79d4896f6b5a79dfbf96be5f13489553c793659116a2e9ce4",
                "sha256:ab77ca440cbca98377e3ade32860c8d7e4fa97759d6266759a7e2f718ec4ded1",
                "sha256:ae054e987066ae861c0bc648a7cdd523cfb1849353bc9b1591ecbf2a55ca8b7d",
                "sha256:ae0b70e7599dd58ef16d6500947b8d2bdd4272ffbbd2ebf5c516691fdfb82212",
                "sha256:d6f0f55bb853f10e3a2025193af2d1cc202697cc7985fe7785d681114c5b3cdb",
                "sha256:fa7057d8888ea8ebba859da8b25d40e10e2f12013f6b0b033c9ab6e68cd10763",
                "sha256:ffbdd5bd07f2340ad2ce01d44cc95223ffa256136ac5dc32f4f80926701640fb"
            ],
            "version": "==0.1.5.post2"
        },
        "scikit-learn": {
            "hashes": [
                "sha256:04799686060ecbf8992f26a35be1d99e981894c8c7860c1365cda4200f954a16",
                "sha256:058d213092de4384710137af1300ed0ff030b8c40459a6c6f73c31ccd274cc39",
                "sha256:0c3464e46ef8bd4f1bfa5c009648c6449412c8f7e9b3fc0c9e3d800139c48827",
                "sha256:0e7b55f73b35537ecd0d19df29dd39aa9e076dba78f3507b8136c819d84611fd",
                "sha256:16feae4361be6b299d4d08df5a30956b4bfc8eadf173fe9258f6d59630f851d4",
                "sha256:244ca85d6eba17a1e6e8a66ab2f584be6a7784b5f59297e3d7ff8c7983af627c",
                "sha256:3e6e92b495eee193a8fa12a230c9b7976ea0fc1263719338e35c986ea1e42cff",
                "sha256:5bcea4d6ee431c814261117281363208408aa4e665633655895feb059021aca6",
                "sha256:93f56abd316d131645559ec0ab4f45e3391c2ccdd4eadaa4912f4c1e0a6f2c96",
                "sha256:9e04c0811ea92931ee8490d638171b8cb2f21387efcfff526bbc8c2a3da60f1c",
                "sha256:bded94236e16774385202cafd26190ce96db18e4dc21e99473848c61e4fdc400",
                "sha256:c2fa33d20408b513cf432505c80e6eb4bf4d71434f1ae36680765d4a2c2a16ec",
                "sha256:e3fec1c8831f8f93ad85581ca29ca1bb88e2da377fb097cf8322aa89c21bc9b8",
                "sha256:e585682e37f2faa81ad6cd4472fff646bf2fd0542147bec93697a905db8e6bd2",
                "sha256:e9879ba9e64ec3add41bf201e06034162f853652ef4849b361d73b0deb3153ad",
                "sha256:ebe853e6f318f9d8b3b74dd17e553720d35646eff675a69eeaed12fbbbb07daa"
            ],
            "index": "pypi",
            "version": "==0.23.1"
        },
        "scipy": {
            "hashes": [
                "sha256:00af72998a46c25bdb5824d2b729e7dabec0c765f9deb0b504f928591f5ff9d4",
                "sha256:0902a620a381f101e184a958459b36d3ee50f5effd186db76e131cbefcbb96f7",
                "sha256:1e3190466d669d658233e8a583b854f6386dd62d655539b77b3fa25bfb2abb70",
                "sha256:2cce3f9847a1a51019e8c5b47620da93950e58ebc611f13e0d11f4980ca5fecb",
                "sha256:3092857f36b690a321a662fe5496cb816a7f4eecd875e1d36793d92d3f884073",
                "sha256:386086e2972ed2db17cebf88610aab7d7f6e2c0ca30042dc9a89cf18dcc363fa",
                "sha256:71eb180f22c49066f25d6df16f8709f215723317cc951d99e54dc88020ea57be",
                "sha256:770254a280d741dd3436919d47e35712fb081a6ff8bafc0f319382b954b77802",
                "sha256:787cc50cab3020a865640aba3485e9fbd161d4d3b0d03a967df1a2881320512d",
                "sha256:8a07760d5c7f3a92e440ad3aedcc98891e915ce857664282ae3c0220f3301eb6",
                "sha256:8d3bc3993b8e4be7eade6dcc6fd59a412d96d3a33fa42b0fa45dc9e24495ede9",
                "sha256:9508a7c628a165c2c835f2497837bf6ac80eb25291055f56c129df3c943cbaf8",
                "sha256:a144811318853a23d32a07bc7fd5561ff0cac5da643d96ed94a4ffe967d89672",
                "sha256:a1aae70d52d0b074d8121333bc807a485f9f1e6a69742010b33780df2e60cfe0",
                "sha256:a2d6df9eb074af7f08866598e4ef068a2b310d98f87dc23bd1b90ec7bdcec802",
                "sha256:bb517872058a1f087c4528e7429b4a44533a902644987e7b2fe35ecc223bc408",
                "sha256:c5cac0c0387272ee0e789e94a570ac51deb01c796b37fb2aad1fb13f85e2f97d",
                "sha256:cc971a82ea1170e677443108703a2ec9ff0f70752258d0e9f5433d00dda01f59",
                "sha256:dba8306f6da99e37ea08c08fef6e274b5bf8567bb094d1dbe86a20e532aca088",
                "sha256:dc60bb302f48acf6da8ca4444cfa17d52c63c5415302a9ee77b3b21618090521",
                "sha256:dee1bbf3a6c8f73b6b218cb28eed8dd13347ea2f87d572ce19b289d6fd3fbc59"
            ],
            "index": "pypi",
            "version": "==1.4.1"
        },
        "scs": {
            "hashes": [
                "sha256:0db0c7f4bd58dd7393d75aeb937854067297e26a3714c413c072bbaed069de05",
                "sha256:1ec501ed06cc07bf291256c3ed0a5a02361ef655aee3e034a5cbc0acfc12c6e2",
                "sha256:390770e9af094f81f9c30ce11f119131e1db71f4663d28e1ec5c4fdbe9bf77b0",
                "sha256:438514dea72896805f15f0f66596393217abb3072c2be53f894b176866f00be4",
                "sha256:4532a19e05cd7f115aa724606d0e39a72bbee366f5952d8e90d58954979eeb49",
                "sha256:6a180d86f61999db50b6a305872056b798740c87c4245006924dd654b6a998dd",
                "sha256:727d14eb509430c6f1524d97a7195d35241afde0514df2658d6d5adcf6db3342",
                "sha256:76aa5b5d0b1baef4b675d1cde24da39b9bb7cbc6e05d437fd0c33071ca1de364",
                "sha256:9f8de9e078a1455dbb1995ce4494d9f88c5bf345f6e89c84714ebb89a7121593",
                "sha256:a4c86eeadcb40350b74721d655fb9a8eb7e16ed2962fe4ae64473d0d47d276a1",
                "sha256:ab1c5fada8b19d5413b4cfad9ede834d4cfdd479cc77598d927003657177b3f2",
                "sha256:b559307b1ffcd72d1e8ecf6473c047834c546f65b1a90f560265dd5b24c36ba1",
                "sha256:f3153e032f22c86f4b3c0024b6dca517dd243c7e26c01ccdd7747198af44a9f8",
                "sha256:f501e270b000ab61f8cde7793e8e44bec161cb7087944d8404bb3744b44ac932",
                "sha256:fafefeec16d6d9117629b4776e54da5adb40200888fce9519e4b017931d2062a",
                "sha256:fc5241cbc1da00b38a2c24a6ea427ee9f771879b9d7e9f5a8ff48bb2e270cdfd"
            ],
            "version": "==3.2.0"
        },
        "six": {
            "hashes": [
                "sha256:1e61c37477a1626458e36f7b1d82aa5c9b094fa4802892072e49de9c60c4c926",
                "sha256:8abb2f1d86890a2dfb989f9a77cfcfd3e47c2a354b01111771326f8aa26e0254"
            ],
            "markers": "python_version >= '2.7' and python_version not in '3.0, 3.1, 3.2, 3.3'",
            "version": "==1.16.0"
        },
        "sortedcontainers": {
            "hashes": [
                "sha256:4e73a757831fc3ca4de2859c422564239a31d8213d09a2a666e375807034d2ba",
                "sha256:c633ebde8580f241f274c1f8994a665c0e54a17724fecd0cae2f079e09c36d3f"
            ],
            "index": "pypi",
            "version": "==2.2.2"
        },
        "threadpoolctl": {
            "hashes": [
                "sha256:8b99adda265feb6773280df41eece7b2e6561b772d21ffd52e372f999024907b",
                "sha256:a335baacfaa4400ae1f0d8e3a58d6674d2f8828e3716bb2802c44955ad391380"
            ],
            "markers": "python_version >= '3.6'",
            "version": "==3.1.0"
        },
        "tqdm": {
            "hashes": [
                "sha256:07c06493f1403c1380b630ae3dcbe5ae62abcf369a93bbc052502279f189ab8c",
                "sha256:cd140979c2bebd2311dfb14781d8f19bd5a9debb92dcab9f6ef899c987fcf71f"
            ],
            "index": "pypi",
            "version": "==4.46.1"
        },
        "typing-extensions": {
            "hashes": [
                "sha256:25642c956049920a5aa49edcdd6ab1e06d7e5d467fc00e0506c44ac86fbfca02",
                "sha256:e6d2677a32f47fc7eb2795db1dd15c1f34eff616bcaf2cfb5e997f854fa1c4a6"
            ],
            "markers": "python_version < '3.8'",
            "version": "==4.3.0"
        }
    },
    "develop": {}
}
